// !$*UTF8*$!
{
	archiveVersion = 1;
	classes = {
	};
	objectVersion = 50;
	objects = {

/* Begin PBXBuildFile section */
		EF77FEBA235A56B9006C7703 /* AppDelegate.swift in Sources */ = {isa = PBXBuildFile; fileRef = EF77FEB9235A56B9006C7703 /* AppDelegate.swift */; };
		EF77FEBC235A56B9006C7703 /* ViewController.swift in Sources */ = {isa = PBXBuildFile; fileRef = EF77FEBB235A56B9006C7703 /* ViewController.swift */; };
		EF77FEBF235A56B9006C7703 /* Main.storyboard in Resources */ = {isa = PBXBuildFile; fileRef = EF77FEBD235A56B9006C7703 /* Main.storyboard */; };
		EF77FEC1235A56B9006C7703 /* Assets.xcassets in Resources */ = {isa = PBXBuildFile; fileRef = EF77FEC0235A56B9006C7703 /* Assets.xcassets */; };
		EF77FEC4235A56B9006C7703 /* LaunchScreen.storyboard in Resources */ = {isa = PBXBuildFile; fileRef = EF77FEC2235A56B9006C7703 /* LaunchScreen.storyboard */; };
		EF77FECF235A56B9006C7703 /* flixsterTests.swift in Sources */ = {isa = PBXBuildFile; fileRef = EF77FECE235A56B9006C7703 /* flixsterTests.swift */; };
		EF77FEDA235A56B9006C7703 /* flixsterUITests.swift in Sources */ = {isa = PBXBuildFile; fileRef = EF77FED9235A56B9006C7703 /* flixsterUITests.swift */; };
/* End PBXBuildFile section */

/* Begin PBXContainerItemProxy section */
		EF77FECB235A56B9006C7703 /* PBXContainerItemProxy */ = {
			isa = PBXContainerItemProxy;
			containerPortal = EF77FEAE235A56B8006C7703 /* Project object */;
			proxyType = 1;
			remoteGlobalIDString = EF77FEB5235A56B8006C7703;
			remoteInfo = flixster;
		};
		EF77FED6235A56B9006C7703 /* PBXContainerItemProxy */ = {
			isa = PBXContainerItemProxy;
			containerPortal = EF77FEAE235A56B8006C7703 /* Project object */;
			proxyType = 1;
			remoteGlobalIDString = EF77FEB5235A56B8006C7703;
			remoteInfo = flixster;
		};
/* End PBXContainerItemProxy section */

/* Begin PBXFileReference section */
		EF77FEB6235A56B8006C7703 /* flixster.app */ = {isa = PBXFileReference; explicitFileType = wrapper.application; includeInIndex = 0; path = flixster.app; sourceTree = BUILT_PRODUCTS_DIR; };
		EF77FEB9235A56B9006C7703 /* AppDelegate.swift */ = {isa = PBXFileReference; lastKnownFileType = sourcecode.swift; path = AppDelegate.swift; sourceTree = "<group>"; };
		EF77FEBB235A56B9006C7703 /* ViewController.swift */ = {isa = PBXFileReference; lastKnownFileType = sourcecode.swift; path = ViewController.swift; sourceTree = "<group>"; };
		EF77FEBE235A56B9006C7703 /* Base */ = {isa = PBXFileReference; lastKnownFileType = file.storyboard; name = Base; path = Base.lproj/Main.storyboard; sourceTree = "<group>"; };
		EF77FEC0235A56B9006C7703 /* Assets.xcassets */ = {isa = PBXFileReference; lastKnownFileType = folder.assetcatalog; path = Assets.xcassets; sourceTree = "<group>"; };
		EF77FEC3235A56B9006C7703 /* Base */ = {isa = PBXFileReference; lastKnownFileType = file.storyboard; name = Base; path = Base.lproj/LaunchScreen.storyboard; sourceTree = "<group>"; };
		EF77FEC5235A56B9006C7703 /* Info.plist */ = {isa = PBXFileReference; lastKnownFileType = text.plist.xml; path = Info.plist; sourceTree = "<group>"; };
		EF77FECA235A56B9006C7703 /* flixsterTests.xctest */ = {isa = PBXFileReference; explicitFileType = wrapper.cfbundle; includeInIndex = 0; path = flixsterTests.xctest; sourceTree = BUILT_PRODUCTS_DIR; };
		EF77FECE235A56B9006C7703 /* flixsterTests.swift */ = {isa = PBXFileReference; lastKnownFileType = sourcecode.swift; path = flixsterTests.swift; sourceTree = "<group>"; };
		EF77FED0235A56B9006C7703 /* Info.plist */ = {isa = PBXFileReference; lastKnownFileType = text.plist.xml; path = Info.plist; sourceTree = "<group>"; };
		EF77FED5235A56B9006C7703 /* flixsterUITests.xctest */ = {isa = PBXFileReference; explicitFileType = wrapper.cfbundle; includeInIndex = 0; path = flixsterUITests.xctest; sourceTree = BUILT_PRODUCTS_DIR; };
		EF77FED9235A56B9006C7703 /* flixsterUITests.swift */ = {isa = PBXFileReference; lastKnownFileType = sourcecode.swift; path = flixsterUITests.swift; sourceTree = "<group>"; };
		EF77FEDB235A56B9006C7703 /* Info.plist */ = {isa = PBXFileReference; lastKnownFileType = text.plist.xml; path = Info.plist; sourceTree = "<group>"; };
/* End PBXFileReference section */

/* Begin PBXFrameworksBuildPhase section */
		EF77FEB3235A56B8006C7703 /* Frameworks */ = {
			isa = PBXFrameworksBuildPhase;
			buildActionMask = 2147483647;
			files = (
			);
			runOnlyForDeploymentPostprocessing = 0;
		};
		EF77FEC7235A56B9006C7703 /* Frameworks */ = {
			isa = PBXFrameworksBuildPhase;
			buildActionMask = 2147483647;
			files = (
			);
			runOnlyForDeploymentPostprocessing = 0;
		};
		EF77FED2235A56B9006C7703 /* Frameworks */ = {
			isa = PBXFrameworksBuildPhase;
			buildActionMask = 2147483647;
			files = (
			);
			runOnlyForDeploymentPostprocessing = 0;
		};
/* End PBXFrameworksBuildPhase section */

/* Begin PBXGroup section */
		EF77FEAD235A56B8006C7703 = {
			isa = PBXGroup;
			children = (
				EF77FEB8235A56B8006C7703 /* flixster */,
				EF77FECD235A56B9006C7703 /* flixsterTests */,
				EF77FED8235A56B9006C7703 /* flixsterUITests */,
				EF77FEB7235A56B8006C7703 /* Products */,
			);
			sourceTree = "<group>";
		};
		EF77FEB7235A56B8006C7703 /* Products */ = {
			isa = PBXGroup;
			children = (
				EF77FEB6235A56B8006C7703 /* flixster.app */,
				EF77FECA235A56B9006C7703 /* flixsterTests.xctest */,
				EF77FED5235A56B9006C7703 /* flixsterUITests.xctest */,
			);
			name = Products;
			sourceTree = "<group>";
		};
		EF77FEB8235A56B8006C7703 /* flixster */ = {
			isa = PBXGroup;
			children = (
				EF77FEB9235A56B9006C7703 /* AppDelegate.swift */,
				EF77FEBB235A56B9006C7703 /* ViewController.swift */,
				EF77FEBD235A56B9006C7703 /* Main.storyboard */,
				EF77FEC0235A56B9006C7703 /* Assets.xcassets */,
				EF77FEC2235A56B9006C7703 /* LaunchScreen.storyboard */,
				EF77FEC5235A56B9006C7703 /* Info.plist */,
			);
			path = flixster;
			sourceTree = "<group>";
		};
		EF77FECD235A56B9006C7703 /* flixsterTests */ = {
			isa = PBXGroup;
			children = (
				EF77FECE235A56B9006C7703 /* flixsterTests.swift */,
				EF77FED0235A56B9006C7703 /* Info.plist */,
			);
			path = flixsterTests;
			sourceTree = "<group>";
		};
		EF77FED8235A56B9006C7703 /* flixsterUITests */ = {
			isa = PBXGroup;
			children = (
				EF77FED9235A56B9006C7703 /* flixsterUITests.swift */,
				EF77FEDB235A56B9006C7703 /* Info.plist */,
			);
			path = flixsterUITests;
			sourceTree = "<group>";
		};
/* End PBXGroup section */

/* Begin PBXNativeTarget section */
		EF77FEB5235A56B8006C7703 /* flixster */ = {
			isa = PBXNativeTarget;
			buildConfigurationList = EF77FEDE235A56B9006C7703 /* Build configuration list for PBXNativeTarget "flixster" */;
			buildPhases = (
				EF77FEB2235A56B8006C7703 /* Sources */,
				EF77FEB3235A56B8006C7703 /* Frameworks */,
				EF77FEB4235A56B8006C7703 /* Resources */,
			);
			buildRules = (
			);
			dependencies = (
			);
			name = flixster;
			productName = flixster;
			productReference = EF77FEB6235A56B8006C7703 /* flixster.app */;
			productType = "com.apple.product-type.application";
		};
		EF77FEC9235A56B9006C7703 /* flixsterTests */ = {
			isa = PBXNativeTarget;
			buildConfigurationList = EF77FEE1235A56B9006C7703 /* Build configuration list for PBXNativeTarget "flixsterTests" */;
			buildPhases = (
				EF77FEC6235A56B9006C7703 /* Sources */,
				EF77FEC7235A56B9006C7703 /* Frameworks */,
				EF77FEC8235A56B9006C7703 /* Resources */,
			);
			buildRules = (
			);
			dependencies = (
				EF77FECC235A56B9006C7703 /* PBXTargetDependency */,
			);
			name = flixsterTests;
			productName = flixsterTests;
			productReference = EF77FECA235A56B9006C7703 /* flixsterTests.xctest */;
			productType = "com.apple.product-type.bundle.unit-test";
		};
		EF77FED4235A56B9006C7703 /* flixsterUITests */ = {
			isa = PBXNativeTarget;
			buildConfigurationList = EF77FEE4235A56B9006C7703 /* Build configuration list for PBXNativeTarget "flixsterUITests" */;
			buildPhases = (
				EF77FED1235A56B9006C7703 /* Sources */,
				EF77FED2235A56B9006C7703 /* Frameworks */,
				EF77FED3235A56B9006C7703 /* Resources */,
			);
			buildRules = (
			);
			dependencies = (
				EF77FED7235A56B9006C7703 /* PBXTargetDependency */,
			);
			name = flixsterUITests;
			productName = flixsterUITests;
			productReference = EF77FED5235A56B9006C7703 /* flixsterUITests.xctest */;
			productType = "com.apple.product-type.bundle.ui-testing";
		};
/* End PBXNativeTarget section */

/* Begin PBXProject section */
		EF77FEAE235A56B8006C7703 /* Project object */ = {
			isa = PBXProject;
			attributes = {
				LastSwiftUpdateCheck = 1010;
				LastUpgradeCheck = 1010;
				ORGANIZATIONNAME = "Mae LaPresta";
				TargetAttributes = {
					EF77FEB5235A56B8006C7703 = {
						CreatedOnToolsVersion = 10.1;
					};
					EF77FEC9235A56B9006C7703 = {
						CreatedOnToolsVersion = 10.1;
						TestTargetID = EF77FEB5235A56B8006C7703;
					};
					EF77FED4235A56B9006C7703 = {
						CreatedOnToolsVersion = 10.1;
						TestTargetID = EF77FEB5235A56B8006C7703;
					};
				};
			};
			buildConfigurationList = EF77FEB1235A56B8006C7703 /* Build configuration list for PBXProject "flixster" */;
			compatibilityVersion = "Xcode 9.3";
			developmentRegion = en;
			hasScannedForEncodings = 0;
			knownRegions = (
				en,
				Base,
			);
			mainGroup = EF77FEAD235A56B8006C7703;
			productRefGroup = EF77FEB7235A56B8006C7703 /* Products */;
			projectDirPath = "";
			projectRoot = "";
			targets = (
				EF77FEB5235A56B8006C7703 /* flixster */,
				EF77FEC9235A56B9006C7703 /* flixsterTests */,
				EF77FED4235A56B9006C7703 /* flixsterUITests */,
			);
		};
/* End PBXProject section */

/* Begin PBXResourcesBuildPhase section */
		EF77FEB4235A56B8006C7703 /* Resources */ = {
			isa = PBXResourcesBuildPhase;
			buildActionMask = 2147483647;
			files = (
				EF77FEC4235A56B9006C7703 /* LaunchScreen.storyboard in Resources */,
				EF77FEC1235A56B9006C7703 /* Assets.xcassets in Resources */,
				EF77FEBF235A56B9006C7703 /* Main.storyboard in Resources */,
			);
			runOnlyForDeploymentPostprocessing = 0;
		};
		EF77FEC8235A56B9006C7703 /* Resources */ = {
			isa = PBXResourcesBuildPhase;
			buildActionMask = 2147483647;
			files = (
			);
			runOnlyForDeploymentPostprocessing = 0;
		};
		EF77FED3235A56B9006C7703 /* Resources */ = {
			isa = PBXResourcesBuildPhase;
			buildActionMask = 2147483647;
			files = (
			);
			runOnlyForDeploymentPostprocessing = 0;
		};
/* End PBXResourcesBuildPhase section */

/* Begin PBXSourcesBuildPhase section */
		EF77FEB2235A56B8006C7703 /* Sources */ = {
			isa = PBXSourcesBuildPhase;
			buildActionMask = 2147483647;
			files = (
				EF77FEBC235A56B9006C7703 /* ViewController.swift in Sources */,
				EF77FEBA235A56B9006C7703 /* AppDelegate.swift in Sources */,
			);
			runOnlyForDeploymentPostprocessing = 0;
		};
		EF77FEC6235A56B9006C7703 /* Sources */ = {
			isa = PBXSourcesBuildPhase;
			buildActionMask = 2147483647;
			files = (
				EF77FECF235A56B9006C7703 /* flixsterTests.swift in Sources */,
			);
			runOnlyForDeploymentPostprocessing = 0;
		};
		EF77FED1235A56B9006C7703 /* Sources */ = {
			isa = PBXSourcesBuildPhase;
			buildActionMask = 2147483647;
			files = (
				EF77FEDA235A56B9006C7703 /* flixsterUITests.swift in Sources */,
			);
			runOnlyForDeploymentPostprocessing = 0;
		};
/* End PBXSourcesBuildPhase section */

/* Begin PBXTargetDependency section */
		EF77FECC235A56B9006C7703 /* PBXTargetDependency */ = {
			isa = PBXTargetDependency;
			target = EF77FEB5235A56B8006C7703 /* flixster */;
			targetProxy = EF77FECB235A56B9006C7703 /* PBXContainerItemProxy */;
		};
		EF77FED7235A56B9006C7703 /* PBXTargetDependency */ = {
			isa = PBXTargetDependency;
			target = EF77FEB5235A56B8006C7703 /* flixster */;
			targetProxy = EF77FED6235A56B9006C7703 /* PBXContainerItemProxy */;
		};
/* End PBXTargetDependency section */

/* Begin PBXVariantGroup section */
		EF77FEBD235A56B9006C7703 /* Main.storyboard */ = {
			isa = PBXVariantGroup;
			children = (
				EF77FEBE235A56B9006C7703 /* Base */,
			);
			name = Main.storyboard;
			sourceTree = "<group>";
		};
		EF77FEC2235A56B9006C7703 /* LaunchScreen.storyboard */ = {
			isa = PBXVariantGroup;
			children = (
				EF77FEC3235A56B9006C7703 /* Base */,
			);
			name = LaunchScreen.storyboard;
			sourceTree = "<group>";
		};
/* End PBXVariantGroup section */

/* Begin XCBuildConfiguration section */
		EF77FEDC235A56B9006C7703 /* Debug */ = {
			isa = XCBuildConfiguration;
			buildSettings = {
				ALWAYS_SEARCH_USER_PATHS = NO;
				CLANG_ANALYZER_NONNULL = YES;
				CLANG_ANALYZER_NUMBER_OBJECT_CONVERSION = YES_AGGRESSIVE;
				CLANG_CXX_LANGUAGE_STANDARD = "gnu++14";
				CLANG_CXX_LIBRARY = "libc++";
				CLANG_ENABLE_MODULES = YES;
				CLANG_ENABLE_OBJC_ARC = YES;
				CLANG_ENABLE_OBJC_WEAK = YES;
				CLANG_WARN_BLOCK_CAPTURE_AUTORELEASING = YES;
				CLANG_WARN_BOOL_CONVERSION = YES;
				CLANG_WARN_COMMA = YES;
				CLANG_WARN_CONSTANT_CONVERSION = YES;
				CLANG_WARN_DEPRECATED_OBJC_IMPLEMENTATIONS = YES;
				CLANG_WARN_DIRECT_OBJC_ISA_USAGE = YES_ERROR;
				CLANG_WARN_DOCUMENTATION_COMMENTS = YES;
				CLANG_WARN_EMPTY_BODY = YES;
				CLANG_WARN_ENUM_CONVERSION = YES;
				CLANG_WARN_INFINITE_RECURSION = YES;
				CLANG_WARN_INT_CONVERSION = YES;
				CLANG_WARN_NON_LITERAL_NULL_CONVERSION = YES;
				CLANG_WARN_OBJC_IMPLICIT_RETAIN_SELF = YES;
				CLANG_WARN_OBJC_LITERAL_CONVERSION = YES;
				CLANG_WARN_OBJC_ROOT_CLASS = YES_ERROR;
				CLANG_WARN_RANGE_LOOP_ANALYSIS = YES;
				CLANG_WARN_STRICT_PROTOTYPES = YES;
				CLANG_WARN_SUSPICIOUS_MOVE = YES;
				CLANG_WARN_UNGUARDED_AVAILABILITY = YES_AGGRESSIVE;
				CLANG_WARN_UNREACHABLE_CODE = YES;
				CLANG_WARN__DUPLICATE_METHOD_MATCH = YES;
				CODE_SIGN_IDENTITY = "iPhone Developer";
				COPY_PHASE_STRIP = NO;
				DEBUG_INFORMATION_FORMAT = dwarf;
				ENABLE_STRICT_OBJC_MSGSEND = YES;
				ENABLE_TESTABILITY = YES;
				GCC_C_LANGUAGE_STANDARD = gnu11;
				GCC_DYNAMIC_NO_PIC = NO;
				GCC_NO_COMMON_BLOCKS = YES;
				GCC_OPTIMIZATION_LEVEL = 0;
				GCC_PREPROCESSOR_DEFINITIONS = (
					"DEBUG=1",
					"$(inherited)",
				);
				GCC_WARN_64_TO_32_BIT_CONVERSION = YES;
				GCC_WARN_ABOUT_RETURN_TYPE = YES_ERROR;
				GCC_WARN_UNDECLARED_SELECTOR = YES;
				GCC_WARN_UNINITIALIZED_AUTOS = YES_AGGRESSIVE;
				GCC_WARN_UNUSED_FUNCTION = YES;
				GCC_WARN_UNUSED_VARIABLE = YES;
				IPHONEOS_DEPLOYMENT_TARGET = 12.1;
				MTL_ENABLE_DEBUG_INFO = INCLUDE_SOURCE;
				MTL_FAST_MATH = YES;
				ONLY_ACTIVE_ARCH = YES;
				SDKROOT = iphoneos;
				SWIFT_ACTIVE_COMPILATION_CONDITIONS = DEBUG;
				SWIFT_OPTIMIZATION_LEVEL = "-Onone";
			};
			name = Debug;
		};
		EF77FEDD235A56B9006C7703 /* Release */ = {
			isa = XCBuildConfiguration;
			buildSettings = {
				ALWAYS_SEARCH_USER_PATHS = NO;
				CLANG_ANALYZER_NONNULL = YES;
				CLANG_ANALYZER_NUMBER_OBJECT_CONVERSION = YES_AGGRESSIVE;
				CLANG_CXX_LANGUAGE_STANDARD = "gnu++14";
				CLANG_CXX_LIBRARY = "libc++";
				CLANG_ENABLE_MODULES = YES;
				CLANG_ENABLE_OBJC_ARC = YES;
				CLANG_ENABLE_OBJC_WEAK = YES;
				CLANG_WARN_BLOCK_CAPTURE_AUTORELEASING = YES;
				CLANG_WARN_BOOL_CONVERSION = YES;
				CLANG_WARN_COMMA = YES;
				CLANG_WARN_CONSTANT_CONVERSION = YES;
				CLANG_WARN_DEPRECATED_OBJC_IMPLEMENTATIONS = YES;
				CLANG_WARN_DIRECT_OBJC_ISA_USAGE = YES_ERROR;
				CLANG_WARN_DOCUMENTATION_COMMENTS = YES;
				CLANG_WARN_EMPTY_BODY = YES;
				CLANG_WARN_ENUM_CONVERSION = YES;
				CLANG_WARN_INFINITE_RECURSION = YES;
				CLANG_WARN_INT_CONVERSION = YES;
				CLANG_WARN_NON_LITERAL_NULL_CONVERSION = YES;
				CLANG_WARN_OBJC_IMPLICIT_RETAIN_SELF = YES;
				CLANG_WARN_OBJC_LITERAL_CONVERSION = YES;
				CLANG_WARN_OBJC_ROOT_CLASS = YES_ERROR;
				CLANG_WARN_RANGE_LOOP_ANALYSIS = YES;
				CLANG_WARN_STRICT_PROTOTYPES = YES;
				CLANG_WARN_SUSPICIOUS_MOVE = YES;
				CLANG_WARN_UNGUARDED_AVAILABILITY = YES_AGGRESSIVE;
				CLANG_WARN_UNREACHABLE_CODE = YES;
				CLANG_WARN__DUPLICATE_METHOD_MATCH = YES;
				CODE_SIGN_IDENTITY = "iPhone Developer";
				COPY_PHASE_STRIP = NO;
				DEBUG_INFORMATION_FORMAT = "dwarf-with-dsym";
				ENABLE_NS_ASSERTIONS = NO;
				ENABLE_STRICT_OBJC_MSGSEND = YES;
				GCC_C_LANGUAGE_STANDARD = gnu11;
				GCC_NO_COMMON_BLOCKS = YES;
				GCC_WARN_64_TO_32_BIT_CONVERSION = YES;
				GCC_WARN_ABOUT_RETURN_TYPE = YES_ERROR;
				GCC_WARN_UNDECLARED_SELECTOR = YES;
				GCC_WARN_UNINITIALIZED_AUTOS = YES_AGGRESSIVE;
				GCC_WARN_UNUSED_FUNCTION = YES;
				GCC_WARN_UNUSED_VARIABLE = YES;
				IPHONEOS_DEPLOYMENT_TARGET = 12.1;
				MTL_ENABLE_DEBUG_INFO = NO;
				MTL_FAST_MATH = YES;
				SDKROOT = iphoneos;
				SWIFT_COMPILATION_MODE = wholemodule;
				SWIFT_OPTIMIZATION_LEVEL = "-O";
				VALIDATE_PRODUCT = YES;
			};
			name = Release;
		};
		EF77FEDF235A56B9006C7703 /* Debug */ = {
			isa = XCBuildConfiguration;
			buildSettings = {
				ASSETCATALOG_COMPILER_APPICON_NAME = AppIcon;
				CODE_SIGN_STYLE = Automatic;
				INFOPLIST_FILE = flixster/Info.plist;
				LD_RUNPATH_SEARCH_PATHS = (
					"$(inherited)",
					"@executable_path/Frameworks",
				);
				PRODUCT_BUNDLE_IDENTIFIER = com.MLapresta.flixster;
				PRODUCT_NAME = "$(TARGET_NAME)";
				SWIFT_VERSION = 4.2;
				TARGETED_DEVICE_FAMILY = "1,2";
			};
			name = Debug;
		};
		EF77FEE0235A56B9006C7703 /* Release */ = {
			isa = XCBuildConfiguration;
			buildSettings = {
				ASSETCATALOG_COMPILER_APPICON_NAME = AppIcon;
				CODE_SIGN_STYLE = Automatic;
				INFOPLIST_FILE = flixster/Info.plist;
				LD_RUNPATH_SEARCH_PATHS = (
					"$(inherited)",
					"@executable_path/Frameworks",
				);
				PRODUCT_BUNDLE_IDENTIFIER = com.MLapresta.flixster;
				PRODUCT_NAME = "$(TARGET_NAME)";
				SWIFT_VERSION = 4.2;
				TARGETED_DEVICE_FAMILY = "1,2";
			};
			name = Release;
		};
		EF77FEE2235A56B9006C7703 /* Debug */ = {
			isa = XCBuildConfiguration;
			buildSettings = {
				ALWAYS_EMBED_SWIFT_STANDARD_LIBRARIES = YES;
				BUNDLE_LOADER = "$(TEST_HOST)";
				CODE_SIGN_STYLE = Automatic;
				INFOPLIST_FILE = flixsterTests/Info.plist;
				LD_RUNPATH_SEARCH_PATHS = (
					"$(inherited)",
					"@executable_path/Frameworks",
					"@loader_path/Frameworks",
				);
				PRODUCT_BUNDLE_IDENTIFIER = com.MLapresta.flixsterTests;
				PRODUCT_NAME = "$(TARGET_NAME)";
				SWIFT_VERSION = 4.2;
				TARGETED_DEVICE_FAMILY = "1,2";
				TEST_HOST = "$(BUILT_PRODUCTS_DIR)/flixster.app/flixster";
			};
			name = Debug;
		};
		EF77FEE3235A56B9006C7703 /* Release */ = {
			isa = XCBuildConfiguration;
			buildSettings = {
				ALWAYS_EMBED_SWIFT_STANDARD_LIBRARIES = YES;
				BUNDLE_LOADER = "$(TEST_HOST)";
				CODE_SIGN_STYLE = Automatic;
				INFOPLIST_FILE = flixsterTests/Info.plist;
				LD_RUNPATH_SEARCH_PATHS = (
					"$(inherited)",
					"@executable_path/Frameworks",
					"@loader_path/Frameworks",
				);
				PRODUCT_BUNDLE_IDENTIFIER = com.MLapresta.flixsterTests;
				PRODUCT_NAME = "$(TARGET_NAME)";
				SWIFT_VERSION = 4.2;
				TARGETED_DEVICE_FAMILY = "1,2";
				TEST_HOST = "$(BUILT_PRODUCTS_DIR)/flixster.app/flixster";
			};
			name = Release;
		};
		EF77FEE5235A56B9006C7703 /* Debug */ = {
			isa = XCBuildConfiguration;
			buildSettings = {
				ALWAYS_EMBED_SWIFT_STANDARD_LIBRARIES = YES;
				CODE_SIGN_STYLE = Automatic;
				INFOPLIST_FILE = flixsterUITests/Info.plist;
				LD_RUNPATH_SEARCH_PATHS = (
					"$(inherited)",
					"@executable_path/Frameworks",
					"@loader_path/Frameworks",
				);
				PRODUCT_BUNDLE_IDENTIFIER = com.MLapresta.flixsterUITests;
				PRODUCT_NAME = "$(TARGET_NAME)";
				SWIFT_VERSION = 4.2;
				TARGETED_DEVICE_FAMILY = "1,2";
				TEST_TARGET_NAME = flixster;
			};
			name = Debug;
		};
		EF77FEE6235A56B9006C7703 /* Release */ = {
			isa = XCBuildConfiguration;
			buildSettings = {
				ALWAYS_EMBED_SWIFT_STANDARD_LIBRARIES = YES;
				CODE_SIGN_STYLE = Automatic;
				INFOPLIST_FILE = flixsterUITests/Info.plist;
				LD_RUNPATH_SEARCH_PATHS = (
					"$(inherited)",
					"@executable_path/Frameworks",
					"@loader_path/Frameworks",
				);
				PRODUCT_BUNDLE_IDENTIFIER = com.MLapresta.flixsterUITests;
				PRODUCT_NAME = "$(TARGET_NAME)";
				SWIFT_VERSION = 4.2;
				TARGETED_DEVICE_FAMILY = "1,2";
				TEST_TARGET_NAME = flixster;
			};
			name = Release;
		};
/* End XCBuildConfiguration section */

/* Begin XCConfigurationList section */
		EF77FEB1235A56B8006C7703 /* Build configuration list for PBXProject "flixster" */ = {
			isa = XCConfigurationList;
			buildConfigurations = (
				EF77FEDC235A56B9006C7703 /* Debug */,
				EF77FEDD235A56B9006C7703 /* Release */,
			);
			defaultConfigurationIsVisible = 0;
			defaultConfigurationName = Release;
		};
		EF77FEDE235A56B9006C7703 /* Build configuration list for PBXNativeTarget "flixster" */ = {
			isa = XCConfigurationList;
			buildConfigurations = (
				EF77FEDF235A56B9006C7703 /* Debug */,
				EF77FEE0235A56B9006C7703 /* Release */,
			);
			defaultConfigurationIsVisible = 0;
			defaultConfigurationName = Release;
		};
		EF77FEE1235A56B9006C7703 /* Build configuration list for PBXNativeTarget "flixsterTests" */ = {
			isa = XCConfigurationList;
			buildConfigurations = (
				EF77FEE2235A56B9006C7703 /* Debug */,
				EF77FEE3235A56B9006C7703 /* Release */,
			);
			defaultConfigurationIsVisible = 0;
			defaultConfigurationName = Release;
		};
		EF77FEE4235A56B9006C7703 /* Build configuration list for PBXNativeTarget "flixsterUITests" */ = {
			isa = XCConfigurationList;
			buildConfigurations = (
				EF77FEE5235A56B9006C7703 /* Debug */,
				EF77FEE6235A56B9006C7703 /* Release */,
			);
			defaultConfigurationIsVisible = 0;
			defaultConfigurationName = Release;
		};
/* End XCConfigurationList section */
	};
	rootObject = EF77FEAE235A56B8006C7703 /* Project object */;
}
